
Microsoft Visual Studio Solution File, Format Version 12.00
# Visual Studio Version 17
VisualStudioVersion = 17.3.32825.248
MinimumVisualStudioVersion = 10.0.40219.1
Project("{FAE04EC0-301F-11D3-BF4B-00C04F79EFBC}") = "C_sharp_algorithms", "C_sharp_algorithms.csproj", "{1F9A5101-2817-4B5B-B363-983E3F824E5E}"
EndProject
Global
	GlobalSection(SolutionConfigurationPlatforms) = preSolution
		Debug|Any CPU = Debug|Any CPU
		Release|Any CPU = Release|Any CPU
	EndGlobalSection
	GlobalSection(ProjectConfigurationPlatforms) = postSolution
		{1F9A5101-2817-4B5B-B363-983E3F824E5E}.Debug|Any CPU.ActiveCfg = Debug|Any CPU
		{1F9A5101-2817-4B5B-B363-983E3F824E5E}.Debug|Any CPU.Build.0 = Debug|Any CPU
		{1F9A5101-2817-4B5B-B363-983E3F824E5E}.Release|Any CPU.ActiveCfg = Release|Any CPU
		{1F9A5101-2817-4B5B-B363-983E3F824E5E}.Release|Any CPU.Build.0 = Release|Any CPU
	EndGlobalSection
	GlobalSection(SolutionProperties) = preSolution
		HideSolutionNode = FALSE
	EndGlobalSection
	GlobalSection(ExtensibilityGlobals) = postSolution
		SolutionGuid = {3411B260-27AB-4694-83E3-B201693B53E9}
	EndGlobalSection
EndGlobal
